
Microsoft Visual Studio Solution File, Format Version 12.00
# Visual Studio Version 17
VisualStudioVersion = 17.5.002.0
MinimumVisualStudioVersion = 10.0.40219.1
Project("{9A19103F-16F7-4668-BE54-9A1E7A4F7556}") = "MinimalApiCrud", "MinimalApiCrud.csproj", "{B8780D8A-62F2-46AD-B6BB-078D1565A1F4}"
EndProject
Global
	GlobalSection(SolutionConfigurationPlatforms) = preSolution
		Debug|Any CPU = Debug|Any CPU
		Release|Any CPU = Release|Any CPU
	EndGlobalSection
	GlobalSection(ProjectConfigurationPlatforms) = postSolution
		{B8780D8A-62F2-46AD-B6BB-078D1565A1F4}.Debug|Any CPU.ActiveCfg = Debug|Any CPU
		{B8780D8A-62F2-46AD-B6BB-078D1565A1F4}.Debug|Any CPU.Build.0 = Debug|Any CPU
		{B8780D8A-62F2-46AD-B6BB-078D1565A1F4}.Release|Any CPU.ActiveCfg = Release|Any CPU
		{B8780D8A-62F2-46AD-B6BB-078D1565A1F4}.Release|Any CPU.Build.0 = Release|Any CPU
	EndGlobalSection
	GlobalSection(SolutionProperties) = preSolution
		HideSolutionNode = FALSE
	EndGlobalSection
	GlobalSection(ExtensibilityGlobals) = postSolution
		SolutionGuid = {0F2B1B56-F6BD-47F4-B056-FEB61FCF80EA}
	EndGlobalSection
EndGlobal
